<?xml version="1.0" encoding="utf-8"?>
<Project ToolsVersion="4.0" xmlns="http://schemas.microsoft.com/developer/msbuild/2003">
  <ItemGroup>
    <Filter Include="Source Files">
      <UniqueIdentifier>{4FC737F1-C7A5-4376-A066-2A32D752A2FF}</UniqueIdentifier>
      <Extensions>cpp;c;cc;cxx;def;odl;idl;hpj;bat;asm;asmx</Extensions>
    </Filter>
    <Filter Include="Header Files">
      <UniqueIdentifier>{93995380-89BD-4b04-88EB-625FBE52EBFB}</UniqueIdentifier>
      <Extensions>h;hpp;hxx;hm;inl;inc;xsd</Extensions>
    </Filter>
    <Filter Include="Resource Files">
      <UniqueIdentifier>{67DA6AB6-F800-4c08-8B7A-83BB121AAD01}</UniqueIdentifier>
      <Extensions>rc;ico;cur;bmp;dlg;rc2;rct;bin;rgs;gif;jpg;jpeg;jpe;resx;tiff;tif;png;wav;mfcribbon-ms</Extensions>
    </Filter>
    <Filter Include="Header Files\Allegro">
      <UniqueIdentifier>{8107b73c-5847-4a0e-8f68-1212f7f3051b}</UniqueIdentifier>
    </Filter>
    <Filter Include="Header Files\Game">
      <UniqueIdentifier>{5768475f-432c-44f5-bc15-4025dc6b9825}</UniqueIdentifier>
    </Filter>
    <Filter Include="Header Files\STM">
      <UniqueIdentifier>{b2bc1304-15f8-4be2-87cf-0653022d7584}</UniqueIdentifier>
    </Filter>
    <Filter Include="Source Files\Allegro">
      <UniqueIdentifier>{4a1b9029-1e0d-4b93-832c-579a9888b9f9}</UniqueIdentifier>
    </Filter>
    <Filter Include="Source Files\Game">
      <UniqueIdentifier>{5b707934-2389-4b42-b58c-315507daea33}</UniqueIdentifier>
    </Filter>
    <Filter Include="Source Files\STM">
      <UniqueIdentifier>{0456bee2-a4e7-479d-9602-0fac7bf3ae69}</UniqueIdentifier>
    </Filter>
  </ItemGroup>
  <ItemGroup>
    <ClCompile Include="main.cpp">
      <Filter>Source Files</Filter>
    </ClCompile>
    <ClCompile Include="Stopwatch.cpp">
      <Filter>Source Files</Filter>
    </ClCompile>
    <ClCompile Include="AllegroInitializer.cpp">
      <Filter>Source Files\Allegro</Filter>
    </ClCompile>
    <ClCompile Include="AllegroInputManager.cpp">
      <Filter>Source Files\Allegro</Filter>
    </ClCompile>
    <ClCompile Include="Display.cpp">
      <Filter>Source Files\Game</Filter>
    </ClCompile>
    <ClCompile Include="Entity.cpp">
      <Filter>Source Files\Game</Filter>
    </ClCompile>
    <ClCompile Include="Game.cpp">
      <Filter>Source Files\Game</Filter>
    </ClCompile>
    <ClCompile Include="GameTimer.cpp">
      <Filter>Source Files\Game</Filter>
    </ClCompile>
    <ClCompile Include="InputManager.cpp">
      <Filter>Source Files\Game</Filter>
    </ClCompile>
    <ClCompile Include="MyException.cpp">
      <Filter>Source Files\Game</Filter>
    </ClCompile>
    <ClCompile Include="Player.cpp">
      <Filter>Source Files\Game</Filter>
    </ClCompile>
    <ClCompile Include="Sprite.cpp">
      <Filter>Source Files\Game</Filter>
    </ClCompile>
    <ClCompile Include="TiledSprite.cpp">
      <Filter>Source Files\Game</Filter>
    </ClCompile>
    <ClCompile Include="hid.cpp">
      <Filter>Source Files\STM</Filter>
    </ClCompile>
    <ClCompile Include="STMInputManager.cpp">
      <Filter>Source Files\STM</Filter>
    </ClCompile>
    <ClCompile Include="SpaceBackground.cpp">
      <Filter>Source Files\Game</Filter>
    </ClCompile>
    <ClCompile Include="Sound.cpp">
      <Filter>Source Files\Game</Filter>
    </ClCompile>
    <ClCompile Include="Star.cpp">
      <Filter>Source Files\Game</Filter>
    </ClCompile>
  </ItemGroup>
  <ItemGroup>
    <ClInclude Include="StopWatch.h">
      <Filter>Header Files</Filter>
    </ClInclude>
    <ClInclude Include="AllegroInitializer.h">
      <Filter>Header Files\Allegro</Filter>
    </ClInclude>
    <ClInclude Include="AllegroInputManager.h">
      <Filter>Header Files\Allegro</Filter>
    </ClInclude>
    <ClInclude Include="Game.h">
      <Filter>Header Files\Game</Filter>
    </ClInclude>
    <ClInclude Include="Display.h">
      <Filter>Header Files\Game</Filter>
    </ClInclude>
    <ClInclude Include="Entity.h">
      <Filter>Header Files\Game</Filter>
    </ClInclude>
    <ClInclude Include="GameTimer.h">
      <Filter>Header Files\Game</Filter>
    </ClInclude>
    <ClInclude Include="InputManager.h">
      <Filter>Header Files\Game</Filter>
    </ClInclude>
    <ClInclude Include="MyException.h">
      <Filter>Header Files\Game</Filter>
    </ClInclude>
    <ClInclude Include="Player.h">
      <Filter>Header Files\Game</Filter>
    </ClInclude>
    <ClInclude Include="Sprite.h">
      <Filter>Header Files\Game</Filter>
    </ClInclude>
    <ClInclude Include="TiledSprite.h">
      <Filter>Header Files\Game</Filter>
    </ClInclude>
    <ClInclude Include="hid.h">
      <Filter>Header Files\STM</Filter>
    </ClInclude>
    <ClInclude Include="STMInputManager.h">
      <Filter>Header Files\STM</Filter>
    </ClInclude>
    <ClInclude Include="SpaceBackground.h">
      <Filter>Header Files\Game</Filter>
    </ClInclude>
    <ClInclude Include="Sound.h">
      <Filter>Header Files\Game</Filter>
    </ClInclude>
    <ClInclude Include="Star.h">
      <Filter>Header Files\Game</Filter>
    </ClInclude>
  </ItemGroup>
</Project>